# THIS IS AN AUTOGENERATED FILE. DO NOT EDIT THIS FILE DIRECTLY.
# yarn lockfile v1


aws-cdk@^2.1007.0:
  version "2.1022.0"
  resolved "https://registry.yarnpkg.com/aws-cdk/-/aws-cdk-2.1022.0.tgz#61221c72c8eedd19dc41f966e657c931037a88af"
  integrity sha512-GHCu+tDtYMqCiElCl7Fad2/Bt2GmtXEV3dynudoAsV9PlL5ETeLmEN7jflDQxhmr7KhKpQeZJo/PM0DoWCvoHw==
  optionalDependencies:
    fsevents "2.3.2"

fsevents@2.3.2:
  version "2.3.2"
  resolved "https://registry.yarnpkg.com/fsevents/-/fsevents-2.3.2.tgz#8a526f78b8fdf4623b709e0b975c52c24c02fd1a"
  integrity sha512-xiqMQR4xAeHTuB9uWm+fFRcIOgKBMiOBP+eXiyT7jsgVCq1bkVygt00oASowB7EdtpOHaaPgKt812P9ab+DDKA==
